
Microsoft Visual Studio Solution File, Format Version 12.00
# Visual Studio Version 16
VisualStudioVersion = 16.0.31624.102
MinimumVisualStudioVersion = 10.0.40219.1
Project("{F2A71F9B-5D33-465A-A702-920D77279786}") = "FizzBuzz", "FizzBuzz\FizzBuzz.fsproj", "{7B70D9CF-2386-49B7-BA1E-FF56E611A9C0}"
EndProject
Global
	GlobalSection(SolutionConfigurationPlatforms) = preSolution
		Debug|Any CPU = Debug|Any CPU
		Release|Any CPU = Release|Any CPU
	EndGlobalSection
	GlobalSection(ProjectConfigurationPlatforms) = postSolution
		{7B70D9CF-2386-49B7-BA1E-FF56E611A9C0}.Debug|Any CPU.ActiveCfg = Debug|Any CPU
		{7B70D9CF-2386-49B7-BA1E-FF56E611A9C0}.Debug|Any CPU.Build.0 = Debug|Any CPU
		{7B70D9CF-2386-49B7-BA1E-FF56E611A9C0}.Release|Any CPU.ActiveCfg = Release|Any CPU
		{7B70D9CF-2386-49B7-BA1E-FF56E611A9C0}.Release|Any CPU.Build.0 = Release|Any CPU
	EndGlobalSection
	GlobalSection(SolutionProperties) = preSolution
		HideSolutionNode = FALSE
	EndGlobalSection
	GlobalSection(ExtensibilityGlobals) = postSolution
		SolutionGuid = {196788A5-97C1-4D3D-A749-8E211C5A68A9}
	EndGlobalSection
EndGlobal
